
Microsoft Visual Studio Solution File, Format Version 12.00
# Visual Studio 15
VisualStudioVersion = 15.0.27130.0
MinimumVisualStudioVersion = 10.0.40219.1
Project("{FAE04EC0-301F-11D3-BF4B-00C04F79EFBC}") = "SignalrClient", "SignalrClient\SignalrClient.csproj", "{692ECD36-F65F-4412-A28E-E6DAF1791272}"
EndProject
Global
	GlobalSection(SolutionConfigurationPlatforms) = preSolution
		Debug|Any CPU = Debug|Any CPU
		Release|Any CPU = Release|Any CPU
	EndGlobalSection
	GlobalSection(ProjectConfigurationPlatforms) = postSolution
		{692ECD36-F65F-4412-A28E-E6DAF1791272}.Debug|Any CPU.ActiveCfg = Debug|Any CPU
		{692ECD36-F65F-4412-A28E-E6DAF1791272}.Debug|Any CPU.Build.0 = Debug|Any CPU
		{692ECD36-F65F-4412-A28E-E6DAF1791272}.Release|Any CPU.ActiveCfg = Release|Any CPU
		{692ECD36-F65F-4412-A28E-E6DAF1791272}.Release|Any CPU.Build.0 = Release|Any CPU
	EndGlobalSection
	GlobalSection(SolutionProperties) = preSolution
		HideSolutionNode = FALSE
	EndGlobalSection
	GlobalSection(ExtensibilityGlobals) = postSolution
		SolutionGuid = {103D98E5-9FE4-429B-93B2-13BF97ED1C53}
	EndGlobalSection
EndGlobal
